
Microsoft Visual Studio Solution File, Format Version 11.00
# Visual Studio 2010
Project("{8BC9CEB8-8B4A-11D0-8D11-00A0C91BC942}") = "CPPNamedPipes", "CPPNamedPipes\CPPNamedPipes.vcxproj", "{5D0B8DEF-6887-4013-859E-876C6E2F8B44}"
EndProject
Global
	GlobalSection(SolutionConfigurationPlatforms) = preSolution
		Debug|Win32 = Debug|Win32
		Release|Win32 = Release|Win32
	EndGlobalSection
	GlobalSection(ProjectConfigurationPlatforms) = postSolution
		{5D0B8DEF-6887-4013-859E-876C6E2F8B44}.Debug|Win32.ActiveCfg = Debug|Win32
		{5D0B8DEF-6887-4013-859E-876C6E2F8B44}.Debug|Win32.Build.0 = Debug|Win32
		{5D0B8DEF-6887-4013-859E-876C6E2F8B44}.Release|Win32.ActiveCfg = Release|Win32
		{5D0B8DEF-6887-4013-859E-876C6E2F8B44}.Release|Win32.Build.0 = Release|Win32
	EndGlobalSection
	GlobalSection(SolutionProperties) = preSolution
		HideSolutionNode = FALSE
	EndGlobalSection
EndGlobal
